
Microsoft Visual Studio Solution File, Format Version 12.00
# Visual Studio 15
VisualStudioVersion = 15.0.28307.106
MinimumVisualStudioVersion = 10.0.40219.1
Project("{FAE04EC0-301F-11D3-BF4B-00C04F79EFBC}") = "CoffeeConsoleApp", "CoffeeConsoleApp\CoffeeConsoleApp.csproj", "{78ADBD04-986C-414C-A9F7-84A03BBFF60C}"
EndProject
Global
	GlobalSection(SolutionConfigurationPlatforms) = preSolution
		Debug|Any CPU = Debug|Any CPU
		Release|Any CPU = Release|Any CPU
	EndGlobalSection
	GlobalSection(ProjectConfigurationPlatforms) = postSolution
		{78ADBD04-986C-414C-A9F7-84A03BBFF60C}.Debug|Any CPU.ActiveCfg = Debug|Any CPU
		{78ADBD04-986C-414C-A9F7-84A03BBFF60C}.Debug|Any CPU.Build.0 = Debug|Any CPU
		{78ADBD04-986C-414C-A9F7-84A03BBFF60C}.Release|Any CPU.ActiveCfg = Release|Any CPU
		{78ADBD04-986C-414C-A9F7-84A03BBFF60C}.Release|Any CPU.Build.0 = Release|Any CPU
	EndGlobalSection
	GlobalSection(SolutionProperties) = preSolution
		HideSolutionNode = FALSE
	EndGlobalSection
	GlobalSection(ExtensibilityGlobals) = postSolution
		SolutionGuid = {34A5E260-8E4E-4782-94AA-4DD5021B5016}
	EndGlobalSection
EndGlobal
